{
  "name": "baivarufaker",
  "version": "0.0.1",
  "lockfileVersion": 2,
  "requires": true,
  "packages": {
    "": {
      "name": "baivarufaker",
      "version": "0.0.1",
      "devDependencies": {
        "@types/node": "16.x",
        "@types/vscode": "^1.82.0",
        "axios": "^0.21.4",
        "typescript": "^5.1.6"
      },
      "engines": {
        "vscode": "^1.82.0"
      }
    },
    "node_modules/@types/node": {
      "version": "16.18.53",
      "resolved": "https://registry.npmjs.org/@types/node/-/node-16.18.53.tgz",
      "integrity": "sha512-vVmHeo4tpF8zsknALU90Hh24VueYdu45ZlXzYWFbom61YR4avJqTFDC3QlWzjuTdAv6/3xHaxiO9NrtVZXrkmw==",
      "dev": true
    },
    "node_modules/@types/vscode": {
      "version": "1.82.0",
      "resolved": "https://registry.npmjs.org/@types/vscode/-/vscode-1.82.0.tgz",
      "integrity": "sha512-VSHV+VnpF8DEm8LNrn8OJ8VuUNcBzN3tMvKrNpbhhfuVjFm82+6v44AbDhLvVFgCzn6vs94EJNTp7w8S6+Q1Rw==",
      "dev": true
    },
    "node_modules/axios": {
      "version": "0.21.4",
      "resolved": "https://registry.npmjs.org/axios/-/axios-0.21.4.tgz",
      "integrity": "sha512-ut5vewkiu8jjGBdqpM44XxjuCjq9LAKeHVmoVfHVzy8eHgxxq8SbAVQNovDA8mVi05kP0Ea/n/UzcSHcTJQfNg==",
      "dev": true,
      "dependencies": {
        "follow-redirects": "^1.14.0"
      }
    },
    "node_modules/follow-redirects": {
      "version": "1.15.3",
      "resolved": "https://registry.npmjs.org/follow-redirects/-/follow-redirects-1.15.3.tgz",
      "integrity": "sha512-1VzOtuEM8pC9SFU1E+8KfTjZyMztRsgEfwQl44z8A25uy13jSzTj6dyK2Df52iV0vgHCfBwLhDWevLn95w5v6Q==",
      "dev": true,
      "funding": [
        {
          "type": "individual",
          "url": "https://github.com/sponsors/RubenVerborgh"
        }
      ],
      "engines": {
        "node": ">=4.0"
      },
      "peerDependenciesMeta": {
        "debug": {
          "optional": true
        }
      }
    },
    "node_modules/typescript": {
      "version": "5.2.2",
      "resolved": "https://registry.npmjs.org/typescript/-/typescript-5.2.2.tgz",
      "integrity": "sha512-mI4WrpHsbCIcwT9cF4FZvr80QUeKvsUsUvKDoR+X/7XHQH98xYD8YHZg7ANtz2GtZt/CBq2QJ0thkGJMHfqc1w==",
      "dev": true,
      "bin": {
        "tsc": "bin/tsc",
        "tsserver": "bin/tsserver"
      },
      "engines": {
        "node": ">=14.17"
      }
    }
  },
  "dependencies": {
    "@types/node": {
      "version": "16.18.53",
      "resolved": "https://registry.npmjs.org/@types/node/-/node-16.18.53.tgz",
      "integrity": "sha512-vVmHeo4tpF8zsknALU90Hh24VueYdu45ZlXzYWFbom61YR4avJqTFDC3QlWzjuTdAv6/3xHaxiO9NrtVZXrkmw==",
      "dev": true
    },
    "@types/vscode": {
      "version": "1.82.0",
      "resolved": "https://registry.npmjs.org/@types/vscode/-/vscode-1.82.0.tgz",
      "integrity": "sha512-VSHV+VnpF8DEm8LNrn8OJ8VuUNcBzN3tMvKrNpbhhfuVjFm82+6v44AbDhLvVFgCzn6vs94EJNTp7w8S6+Q1Rw==",
      "dev": true
    },
    "axios": {
      "version": "0.21.4",
      "resolved": "https://registry.npmjs.org/axios/-/axios-0.21.4.tgz",
      "integrity": "sha512-ut5vewkiu8jjGBdqpM44XxjuCjq9LAKeHVmoVfHVzy8eHgxxq8SbAVQNovDA8mVi05kP0Ea/n/UzcSHcTJQfNg==",
      "dev": true,
      "requires": {
        "follow-redirects": "^1.14.0"
      }
    },
    "follow-redirects": {
      "version": "1.15.3",
      "resolved": "https://registry.npmjs.org/follow-redirects/-/follow-redirects-1.15.3.tgz",
      "integrity": "sha512-1VzOtuEM8pC9SFU1E+8KfTjZyMztRsgEfwQl44z8A25uy13jSzTj6dyK2Df52iV0vgHCfBwLhDWevLn95w5v6Q==",
      "dev": true
    },
    "typescript": {
      "version": "5.2.2",
      "resolved": "https://registry.npmjs.org/typescript/-/typescript-5.2.2.tgz",
      "integrity": "sha512-mI4WrpHsbCIcwT9cF4FZvr80QUeKvsUsUvKDoR+X/7XHQH98xYD8YHZg7ANtz2GtZt/CBq2QJ0thkGJMHfqc1w==",
      "dev": true
    }
  }
}
